{
  "name": "pizza-legends",
  "lockfileVersion": 2,
  "requires": true,
  "packages": {
    "": {
      "dependencies": {
        "serv": "^0.2.4"
      }
    },
    "node_modules/connect": {
      "version": "1.9.2",
      "resolved": "https://registry.npmjs.org/connect/-/connect-1.9.2.tgz",
      "integrity": "sha1-QogKIulDiuWait105Df1iujlKAc=",
      "deprecated": "connect 1.x series is deprecated",
      "dependencies": {
        "formidable": "1.0.x",
        "mime": ">= 0.0.1",
        "qs": ">= 0.4.0"
      }
    },
    "node_modules/express": {
      "version": "2.5.11",
      "resolved": "https://registry.npmjs.org/express/-/express-2.5.11.tgz",
      "integrity": "sha1-TOjqHzY15p5J8Ou0l7aksKUc5vA=",
      "deprecated": "express 2.x series is deprecated",
      "dependencies": {
        "connect": "1.x",
        "mime": "1.2.4",
        "mkdirp": "0.3.0",
        "qs": "0.4.x"
      },
      "bin": {
        "express": "bin/express"
      }
    },
    "node_modules/formidable": {
      "version": "1.0.17",
      "resolved": "https://registry.npmjs.org/formidable/-/formidable-1.0.17.tgz",
      "integrity": "sha1-71SRSQ+UM7cF+qdyScmQKa40hVk=",
      "deprecated": "Please upgrade to latest, formidable@v2 or formidable@v3! Check these notes: https://bit.ly/2ZEqIau",
      "engines": {
        "node": ">=0.8.0"
      }
    },
    "node_modules/keypress": {
      "version": "0.2.1",
      "resolved": "https://registry.npmjs.org/keypress/-/keypress-0.2.1.tgz",
      "integrity": "sha1-HoBFQlABjbrUw/6USX1uZ7YmnHc="
    },
    "node_modules/mime": {
      "version": "1.2.4",
      "resolved": "https://registry.npmjs.org/mime/-/mime-1.2.4.tgz",
      "integrity": "sha1-EbX9rynCUJJVF2uArVIClPXekrc=",
      "engines": {
        "node": "*"
      }
    },
    "node_modules/mkdirp": {
      "version": "0.3.0",
      "resolved": "https://registry.npmjs.org/mkdirp/-/mkdirp-0.3.0.tgz",
      "integrity": "sha1-G79asbqCevI1dRQ0kEJkVfSB/h4=",
      "deprecated": "Legacy versions of mkdirp are no longer supported. Please update to mkdirp 1.x. (Note that the API surface has changed to use Promises in 1.x.)",
      "engines": {
        "node": "*"
      }
    },
    "node_modules/open": {
      "version": "0.0.5",
      "resolved": "https://registry.npmjs.org/open/-/open-0.0.5.tgz",
      "integrity": "sha1-QsPhjslUZra/DcQvOilFw/DK2Pw=",
      "engines": {
        "node": ">= 0.6.0"
      }
    },
    "node_modules/optimist": {
      "version": "0.3.7",
      "resolved": "https://registry.npmjs.org/optimist/-/optimist-0.3.7.tgz",
      "integrity": "sha1-yQlBrVnkJzMokjB00s8ufLxuwNk=",
      "dependencies": {
        "wordwrap": "~0.0.2"
      }
    },
    "node_modules/qs": {
      "version": "0.4.2",
      "resolved": "https://registry.npmjs.org/qs/-/qs-0.4.2.tgz",
      "integrity": "sha1-PKxMhh43GoycR3CsI82o3mObjl8=",
      "engines": {
        "node": "*"
      }
    },
    "node_modules/serv": {
      "version": "0.2.4",
      "resolved": "https://registry.npmjs.org/serv/-/serv-0.2.4.tgz",
      "integrity": "sha1-rT4NSspS1L+5F56mq4vvNgPZ1w0=",
      "dependencies": {
        "express": "~2.5",
        "keypress": "~0.2",
        "open": "0.0.5",
        "optimist": "~0.3"
      },
      "bin": {
        "serv": "bin/serv.js"
      }
    },
    "node_modules/wordwrap": {
      "version": "0.0.3",
      "resolved": "https://registry.npmjs.org/wordwrap/-/wordwrap-0.0.3.tgz",
      "integrity": "sha1-o9XabNXAvAAI03I0u68b7WMFkQc=",
      "engines": {
        "node": ">=0.4.0"
      }
    }
  },
  "dependencies": {
    "connect": {
      "version": "1.9.2",
      "resolved": "https://registry.npmjs.org/connect/-/connect-1.9.2.tgz",
      "integrity": "sha1-QogKIulDiuWait105Df1iujlKAc=",
      "requires": {
        "formidable": "1.0.x",
        "mime": ">= 0.0.1",
        "qs": ">= 0.4.0"
      }
    },
    "express": {
      "version": "2.5.11",
      "resolved": "https://registry.npmjs.org/express/-/express-2.5.11.tgz",
      "integrity": "sha1-TOjqHzY15p5J8Ou0l7aksKUc5vA=",
      "requires": {
        "connect": "1.x",
        "mime": "1.2.4",
        "mkdirp": "0.3.0",
        "qs": "0.4.x"
      }
    },
    "formidable": {
      "version": "1.0.17",
      "resolved": "https://registry.npmjs.org/formidable/-/formidable-1.0.17.tgz",
      "integrity": "sha1-71SRSQ+UM7cF+qdyScmQKa40hVk="
    },
    "keypress": {
      "version": "0.2.1",
      "resolved": "https://registry.npmjs.org/keypress/-/keypress-0.2.1.tgz",
      "integrity": "sha1-HoBFQlABjbrUw/6USX1uZ7YmnHc="
    },
    "mime": {
      "version": "1.2.4",
      "resolved": "https://registry.npmjs.org/mime/-/mime-1.2.4.tgz",
      "integrity": "sha1-EbX9rynCUJJVF2uArVIClPXekrc="
    },
    "mkdirp": {
      "version": "0.3.0",
      "resolved": "https://registry.npmjs.org/mkdirp/-/mkdirp-0.3.0.tgz",
      "integrity": "sha1-G79asbqCevI1dRQ0kEJkVfSB/h4="
    },
    "open": {
      "version": "0.0.5",
      "resolved": "https://registry.npmjs.org/open/-/open-0.0.5.tgz",
      "integrity": "sha1-QsPhjslUZra/DcQvOilFw/DK2Pw="
    },
    "optimist": {
      "version": "0.3.7",
      "resolved": "https://registry.npmjs.org/optimist/-/optimist-0.3.7.tgz",
      "integrity": "sha1-yQlBrVnkJzMokjB00s8ufLxuwNk=",
      "requires": {
        "wordwrap": "~0.0.2"
      }
    },
    "qs": {
      "version": "0.4.2",
      "resolved": "https://registry.npmjs.org/qs/-/qs-0.4.2.tgz",
      "integrity": "sha1-PKxMhh43GoycR3CsI82o3mObjl8="
    },
    "serv": {
      "version": "0.2.4",
      "resolved": "https://registry.npmjs.org/serv/-/serv-0.2.4.tgz",
      "integrity": "sha1-rT4NSspS1L+5F56mq4vvNgPZ1w0=",
      "requires": {
        "express": "~2.5",
        "keypress": "~0.2",
        "open": "0.0.5",
        "optimist": "~0.3"
      }
    },
    "wordwrap": {
      "version": "0.0.3",
      "resolved": "https://registry.npmjs.org/wordwrap/-/wordwrap-0.0.3.tgz",
      "integrity": "sha1-o9XabNXAvAAI03I0u68b7WMFkQc="
    }
  }
}
